
Microsoft Visual Studio Solution File, Format Version 12.00
# Visual Studio Version 17
VisualStudioVersion = 17.9.34723.18
MinimumVisualStudioVersion = 10.0.40219.1
Project("{9A19103F-16F7-4668-BE54-9A1E7A4F7556}") = "Webshop", "Webshop\Webshop.csproj", "{C99984E5-61AC-4D49-A431-4B45E3E1A773}"
EndProject
Project("{FAE04EC0-301F-11D3-BF4B-00C04F79EFBC}") = "WebShop.Db", "WebShop.Db\WebShop.Db.csproj", "{49E3604A-0C79-495E-A73D-EF28F80BA11D}"
EndProject
Global
	GlobalSection(SolutionConfigurationPlatforms) = preSolution
		Debug|Any CPU = Debug|Any CPU
		Release|Any CPU = Release|Any CPU
	EndGlobalSection
	GlobalSection(ProjectConfigurationPlatforms) = postSolution
		{C99984E5-61AC-4D49-A431-4B45E3E1A773}.Debug|Any CPU.ActiveCfg = Debug|Any CPU
		{C99984E5-61AC-4D49-A431-4B45E3E1A773}.Debug|Any CPU.Build.0 = Debug|Any CPU
		{C99984E5-61AC-4D49-A431-4B45E3E1A773}.Release|Any CPU.ActiveCfg = Release|Any CPU
		{C99984E5-61AC-4D49-A431-4B45E3E1A773}.Release|Any CPU.Build.0 = Release|Any CPU
		{49E3604A-0C79-495E-A73D-EF28F80BA11D}.Debug|Any CPU.ActiveCfg = Debug|Any CPU
		{49E3604A-0C79-495E-A73D-EF28F80BA11D}.Debug|Any CPU.Build.0 = Debug|Any CPU
		{49E3604A-0C79-495E-A73D-EF28F80BA11D}.Release|Any CPU.ActiveCfg = Release|Any CPU
		{49E3604A-0C79-495E-A73D-EF28F80BA11D}.Release|Any CPU.Build.0 = Release|Any CPU
	EndGlobalSection
	GlobalSection(SolutionProperties) = preSolution
		HideSolutionNode = FALSE
	EndGlobalSection
	GlobalSection(ExtensibilityGlobals) = postSolution
		SolutionGuid = {61FC46E5-6A2D-43FA-9EAF-65124A5129A7}
	EndGlobalSection
EndGlobal
